
Microsoft Visual Studio Solution File, Format Version 12.00
# Visual Studio Version 17
VisualStudioVersion = 17.0.32126.317
MinimumVisualStudioVersion = 10.0.40219.1
Project("{FAE04EC0-301F-11D3-BF4B-00C04F79EFBC}") = "c şarp dersi", "c şarp dersi\c şarp dersi.csproj", "{328928B8-9DCA-4971-84B1-7F68F9C1F9E0}"
EndProject
Global
	GlobalSection(SolutionConfigurationPlatforms) = preSolution
		Debug|Any CPU = Debug|Any CPU
		Release|Any CPU = Release|Any CPU
	EndGlobalSection
	GlobalSection(ProjectConfigurationPlatforms) = postSolution
		{328928B8-9DCA-4971-84B1-7F68F9C1F9E0}.Debug|Any CPU.ActiveCfg = Debug|Any CPU
		{328928B8-9DCA-4971-84B1-7F68F9C1F9E0}.Debug|Any CPU.Build.0 = Debug|Any CPU
		{328928B8-9DCA-4971-84B1-7F68F9C1F9E0}.Release|Any CPU.ActiveCfg = Release|Any CPU
		{328928B8-9DCA-4971-84B1-7F68F9C1F9E0}.Release|Any CPU.Build.0 = Release|Any CPU
	EndGlobalSection
	GlobalSection(SolutionProperties) = preSolution
		HideSolutionNode = FALSE
	EndGlobalSection
	GlobalSection(ExtensibilityGlobals) = postSolution
		SolutionGuid = {73F90B45-4CD9-46CE-850D-FCEC46B9A8C0}
	EndGlobalSection
EndGlobal
